// !$*UTF8*$!
{
	archiveVersion = 1;
	classes = {
	};
	objectVersion = 46;
	objects = {

/* Begin PBXBuildFile section */
		F2277A1317A0637B000FD03B /* Foundation.framework in Frameworks */ = {isa = PBXBuildFile; fileRef = F2277A1217A0637B000FD03B /* Foundation.framework */; };
		F2277A1517A0637B000FD03B /* CoreGraphics.framework in Frameworks */ = {isa = PBXBuildFile; fileRef = F2277A1417A0637B000FD03B /* CoreGraphics.framework */; };
		F2277A1717A0637B000FD03B /* UIKit.framework in Frameworks */ = {isa = PBXBuildFile; fileRef = F2277A1617A0637B000FD03B /* UIKit.framework */; };
		F2277A1D17A0637B000FD03B /* InfoPlist.strings in Resources */ = {isa = PBXBuildFile; fileRef = F2277A1B17A0637B000FD03B /* InfoPlist.strings */; };
		F2277A1F17A0637B000FD03B /* main.m in Sources */ = {isa = PBXBuildFile; fileRef = F2277A1E17A0637B000FD03B /* main.m */; };
		F2277A2317A0637B000FD03B /* AppDelegate.m in Sources */ = {isa = PBXBuildFile; fileRef = F2277A2217A0637B000FD03B /* AppDelegate.m */; };
		F2277A2617A0637B000FD03B /* Main.storyboard in Resources */ = {isa = PBXBuildFile; fileRef = F2277A2417A0637B000FD03B /* Main.storyboard */; };
		F2277A2917A0637B000FD03B /* ViewController.m in Sources */ = {isa = PBXBuildFile; fileRef = F2277A2817A0637B000FD03B /* ViewController.m */; };
		F2277A2B17A0637B000FD03B /* Images.xcassets in Resources */ = {isa = PBXBuildFile; fileRef = F2277A2A17A0637B000FD03B /* Images.xcassets */; };
		F2277A3217A0637B000FD03B /* XCTest.framework in Frameworks */ = {isa = PBXBuildFile; fileRef = F2277A3117A0637B000FD03B /* XCTest.framework */; };
		F2277A3317A0637B000FD03B /* Foundation.framework in Frameworks */ = {isa = PBXBuildFile; fileRef = F2277A1217A0637B000FD03B /* Foundation.framework */; };
		F2277A3417A0637B000FD03B /* UIKit.framework in Frameworks */ = {isa = PBXBuildFile; fileRef = F2277A1617A0637B000FD03B /* UIKit.framework */; };
		F2277A3C17A0637B000FD03B /* InfoPlist.strings in Resources */ = {isa = PBXBuildFile; fileRef = F2277A3A17A0637B000FD03B /* InfoPlist.strings */; };
		F2277A3E17A0637B000FD03B /* SwipeWithTouchesEventTests.m in Sources */ = {isa = PBXBuildFile; fileRef = F2277A3D17A0637B000FD03B /* SwipeWithTouchesEventTests.m */; };
		F2277A4917A063B8000FD03B /* UpView.m in Sources */ = {isa = PBXBuildFile; fileRef = F2277A4817A063B8000FD03B /* UpView.m */; };
/* End PBXBuildFile section */

/* Begin PBXContainerItemProxy section */
		F2277A3517A0637B000FD03B /* PBXContainerItemProxy */ = {
			isa = PBXContainerItemProxy;
			containerPortal = F2277A0717A0637B000FD03B /* Project object */;
			proxyType = 1;
			remoteGlobalIDString = F2277A0E17A0637B000FD03B;
			remoteInfo = SwipeWithTouchesEvent;
		};
/* End PBXContainerItemProxy section */

/* Begin PBXFileReference section */
		F2277A0F17A0637B000FD03B /* SwipeWithTouchesEvent.app */ = {isa = PBXFileReference; explicitFileType = wrapper.application; includeInIndex = 0; path = SwipeWithTouchesEvent.app; sourceTree = BUILT_PRODUCTS_DIR; };
		F2277A1217A0637B000FD03B /* Foundation.framework */ = {isa = PBXFileReference; lastKnownFileType = wrapper.framework; name = Foundation.framework; path = System/Library/Frameworks/Foundation.framework; sourceTree = SDKROOT; };
		F2277A1417A0637B000FD03B /* CoreGraphics.framework */ = {isa = PBXFileReference; lastKnownFileType = wrapper.framework; name = CoreGraphics.framework; path = System/Library/Frameworks/CoreGraphics.framework; sourceTree = SDKROOT; };
		F2277A1617A0637B000FD03B /* UIKit.framework */ = {isa = PBXFileReference; lastKnownFileType = wrapper.framework; name = UIKit.framework; path = System/Library/Frameworks/UIKit.framework; sourceTree = SDKROOT; };
		F2277A1A17A0637B000FD03B /* SwipeWithTouchesEvent-Info.plist */ = {isa = PBXFileReference; lastKnownFileType = text.plist.xml; path = "SwipeWithTouchesEvent-Info.plist"; sourceTree = "<group>"; };
		F2277A1C17A0637B000FD03B /* en */ = {isa = PBXFileReference; lastKnownFileType = text.plist.strings; name = en; path = en.lproj/InfoPlist.strings; sourceTree = "<group>"; };
		F2277A1E17A0637B000FD03B /* main.m */ = {isa = PBXFileReference; lastKnownFileType = sourcecode.c.objc; path = main.m; sourceTree = "<group>"; };
		F2277A2017A0637B000FD03B /* SwipeWithTouchesEvent-Prefix.pch */ = {isa = PBXFileReference; lastKnownFileType = sourcecode.c.h; path = "SwipeWithTouchesEvent-Prefix.pch"; sourceTree = "<group>"; };
		F2277A2117A0637B000FD03B /* AppDelegate.h */ = {isa = PBXFileReference; lastKnownFileType = sourcecode.c.h; path = AppDelegate.h; sourceTree = "<group>"; };
		F2277A2217A0637B000FD03B /* AppDelegate.m */ = {isa = PBXFileReference; lastKnownFileType = sourcecode.c.objc; path = AppDelegate.m; sourceTree = "<group>"; };
		F2277A2517A0637B000FD03B /* Base */ = {isa = PBXFileReference; lastKnownFileType = file.storyboard; name = Base; path = Base.lproj/Main.storyboard; sourceTree = "<group>"; };
		F2277A2717A0637B000FD03B /* ViewController.h */ = {isa = PBXFileReference; lastKnownFileType = sourcecode.c.h; path = ViewController.h; sourceTree = "<group>"; };
		F2277A2817A0637B000FD03B /* ViewController.m */ = {isa = PBXFileReference; lastKnownFileType = sourcecode.c.objc; path = ViewController.m; sourceTree = "<group>"; };
		F2277A2A17A0637B000FD03B /* Images.xcassets */ = {isa = PBXFileReference; lastKnownFileType = folder.assetcatalog; path = Images.xcassets; sourceTree = "<group>"; };
		F2277A3017A0637B000FD03B /* SwipeWithTouchesEventTests.xctest */ = {isa = PBXFileReference; explicitFileType = wrapper.cfbundle; includeInIndex = 0; path = SwipeWithTouchesEventTests.xctest; sourceTree = BUILT_PRODUCTS_DIR; };
		F2277A3117A0637B000FD03B /* XCTest.framework */ = {isa = PBXFileReference; lastKnownFileType = wrapper.framework; name = XCTest.framework; path = Library/Frameworks/XCTest.framework; sourceTree = DEVELOPER_DIR; };
		F2277A3917A0637B000FD03B /* SwipeWithTouchesEventTests-Info.plist */ = {isa = PBXFileReference; lastKnownFileType = text.plist.xml; path = "SwipeWithTouchesEventTests-Info.plist"; sourceTree = "<group>"; };
		F2277A3B17A0637B000FD03B /* en */ = {isa = PBXFileReference; lastKnownFileType = text.plist.strings; name = en; path = en.lproj/InfoPlist.strings; sourceTree = "<group>"; };
		F2277A3D17A0637B000FD03B /* SwipeWithTouchesEventTests.m */ = {isa = PBXFileReference; lastKnownFileType = sourcecode.c.objc; path = SwipeWithTouchesEventTests.m; sourceTree = "<group>"; };
		F2277A4717A063B8000FD03B /* UpView.h */ = {isa = PBXFileReference; fileEncoding = 4; lastKnownFileType = sourcecode.c.h; path = UpView.h; sourceTree = "<group>"; };
		F2277A4817A063B8000FD03B /* UpView.m */ = {isa = PBXFileReference; fileEncoding = 4; lastKnownFileType = sourcecode.c.objc; path = UpView.m; sourceTree = "<group>"; };
/* End PBXFileReference section */

/* Begin PBXFrameworksBuildPhase section */
		F2277A0C17A0637B000FD03B /* Frameworks */ = {
			isa = PBXFrameworksBuildPhase;
			buildActionMask = 2147483647;
			files = (
				F2277A1517A0637B000FD03B /* CoreGraphics.framework in Frameworks */,
				F2277A1717A0637B000FD03B /* UIKit.framework in Frameworks */,
				F2277A1317A0637B000FD03B /* Foundation.framework in Frameworks */,
			);
			runOnlyForDeploymentPostprocessing = 0;
		};
		F2277A2D17A0637B000FD03B /* Frameworks */ = {
			isa = PBXFrameworksBuildPhase;
			buildActionMask = 2147483647;
			files = (
				F2277A3217A0637B000FD03B /* XCTest.framework in Frameworks */,
				F2277A3417A0637B000FD03B /* UIKit.framework in Frameworks */,
				F2277A3317A0637B000FD03B /* Foundation.framework in Frameworks */,
			);
			runOnlyForDeploymentPostprocessing = 0;
		};
/* End PBXFrameworksBuildPhase section */

/* Begin PBXGroup section */
		F2277A0617A0637B000FD03B = {
			isa = PBXGroup;
			children = (
				F2277A1817A0637B000FD03B /* SwipeWithTouchesEvent */,
				F2277A3717A0637B000FD03B /* SwipeWithTouchesEventTests */,
				F2277A1117A0637B000FD03B /* Frameworks */,
				F2277A1017A0637B000FD03B /* Products */,
			);
			sourceTree = "<group>";
		};
		F2277A1017A0637B000FD03B /* Products */ = {
			isa = PBXGroup;
			children = (
				F2277A0F17A0637B000FD03B /* SwipeWithTouchesEvent.app */,
				F2277A3017A0637B000FD03B /* SwipeWithTouchesEventTests.xctest */,
			);
			name = Products;
			sourceTree = "<group>";
		};
		F2277A1117A0637B000FD03B /* Frameworks */ = {
			isa = PBXGroup;
			children = (
				F2277A1217A0637B000FD03B /* Foundation.framework */,
				F2277A1417A0637B000FD03B /* CoreGraphics.framework */,
				F2277A1617A0637B000FD03B /* UIKit.framework */,
				F2277A3117A0637B000FD03B /* XCTest.framework */,
			);
			name = Frameworks;
			sourceTree = "<group>";
		};
		F2277A1817A0637B000FD03B /* SwipeWithTouchesEvent */ = {
			isa = PBXGroup;
			children = (
				F2277A2117A0637B000FD03B /* AppDelegate.h */,
				F2277A2217A0637B000FD03B /* AppDelegate.m */,
				F2277A2417A0637B000FD03B /* Main.storyboard */,
				F2277A2717A0637B000FD03B /* ViewController.h */,
				F2277A2817A0637B000FD03B /* ViewController.m */,
				F2277A4717A063B8000FD03B /* UpView.h */,
				F2277A4817A063B8000FD03B /* UpView.m */,
				F2277A2A17A0637B000FD03B /* Images.xcassets */,
				F2277A1917A0637B000FD03B /* Supporting Files */,
			);
			path = SwipeWithTouchesEvent;
			sourceTree = "<group>";
		};
		F2277A1917A0637B000FD03B /* Supporting Files */ = {
			isa = PBXGroup;
			children = (
				F2277A1A17A0637B000FD03B /* SwipeWithTouchesEvent-Info.plist */,
				F2277A1B17A0637B000FD03B /* InfoPlist.strings */,
				F2277A1E17A0637B000FD03B /* main.m */,
				F2277A2017A0637B000FD03B /* SwipeWithTouchesEvent-Prefix.pch */,
			);
			name = "Supporting Files";
			sourceTree = "<group>";
		};
		F2277A3717A0637B000FD03B /* SwipeWithTouchesEventTests */ = {
			isa = PBXGroup;
			children = (
				F2277A3D17A0637B000FD03B /* SwipeWithTouchesEventTests.m */,
				F2277A3817A0637B000FD03B /* Supporting Files */,
			);
			path = SwipeWithTouchesEventTests;
			sourceTree = "<group>";
		};
		F2277A3817A0637B000FD03B /* Supporting Files */ = {
			isa = PBXGroup;
			children = (
				F2277A3917A0637B000FD03B /* SwipeWithTouchesEventTests-Info.plist */,
				F2277A3A17A0637B000FD03B /* InfoPlist.strings */,
			);
			name = "Supporting Files";
			sourceTree = "<group>";
		};
/* End PBXGroup section */

/* Begin PBXNativeTarget section */
		F2277A0E17A0637B000FD03B /* SwipeWithTouchesEvent */ = {
			isa = PBXNativeTarget;
			buildConfigurationList = F2277A4117A0637B000FD03B /* Build configuration list for PBXNativeTarget "SwipeWithTouchesEvent" */;
			buildPhases = (
				F2277A0B17A0637B000FD03B /* Sources */,
				F2277A0C17A0637B000FD03B /* Frameworks */,
				F2277A0D17A0637B000FD03B /* Resources */,
			);
			buildRules = (
			);
			dependencies = (
			);
			name = SwipeWithTouchesEvent;
			productName = SwipeWithTouchesEvent;
			productReference = F2277A0F17A0637B000FD03B /* SwipeWithTouchesEvent.app */;
			productType = "com.apple.product-type.application";
		};
		F2277A2F17A0637B000FD03B /* SwipeWithTouchesEventTests */ = {
			isa = PBXNativeTarget;
			buildConfigurationList = F2277A4417A0637B000FD03B /* Build configuration list for PBXNativeTarget "SwipeWithTouchesEventTests" */;
			buildPhases = (
				F2277A2C17A0637B000FD03B /* Sources */,
				F2277A2D17A0637B000FD03B /* Frameworks */,
				F2277A2E17A0637B000FD03B /* Resources */,
			);
			buildRules = (
			);
			dependencies = (
				F2277A3617A0637B000FD03B /* PBXTargetDependency */,
			);
			name = SwipeWithTouchesEventTests;
			productName = SwipeWithTouchesEventTests;
			productReference = F2277A3017A0637B000FD03B /* SwipeWithTouchesEventTests.xctest */;
			productType = "com.apple.product-type.bundle.unit-test";
		};
/* End PBXNativeTarget section */

/* Begin PBXProject section */
		F2277A0717A0637B000FD03B /* Project object */ = {
			isa = PBXProject;
			attributes = {
				LastUpgradeCheck = 0500;
				ORGANIZATIONNAME = "양 원석";
				TargetAttributes = {
					F2277A0E17A0637B000FD03B = {
						DevelopmentTeam = CJ7PKDWSX4;
					};
					F2277A2F17A0637B000FD03B = {
						TestTargetID = F2277A0E17A0637B000FD03B;
					};
				};
			};
			buildConfigurationList = F2277A0A17A0637B000FD03B /* Build configuration list for PBXProject "SwipeWithTouchesEvent" */;
			compatibilityVersion = "Xcode 3.2";
			developmentRegion = English;
			hasScannedForEncodings = 0;
			knownRegions = (
				en,
				Base,
			);
			mainGroup = F2277A0617A0637B000FD03B;
			productRefGroup = F2277A1017A0637B000FD03B /* Products */;
			projectDirPath = "";
			projectRoot = "";
			targets = (
				F2277A0E17A0637B000FD03B /* SwipeWithTouchesEvent */,
				F2277A2F17A0637B000FD03B /* SwipeWithTouchesEventTests */,
			);
		};
/* End PBXProject section */

/* Begin PBXResourcesBuildPhase section */
		F2277A0D17A0637B000FD03B /* Resources */ = {
			isa = PBXResourcesBuildPhase;
			buildActionMask = 2147483647;
			files = (
				F2277A2B17A0637B000FD03B /* Images.xcassets in Resources */,
				F2277A1D17A0637B000FD03B /* InfoPlist.strings in Resources */,
				F2277A2617A0637B000FD03B /* Main.storyboard in Resources */,
			);
			runOnlyForDeploymentPostprocessing = 0;
		};
		F2277A2E17A0637B000FD03B /* Resources */ = {
			isa = PBXResourcesBuildPhase;
			buildActionMask = 2147483647;
			files = (
				F2277A3C17A0637B000FD03B /* InfoPlist.strings in Resources */,
			);
			runOnlyForDeploymentPostprocessing = 0;
		};
/* End PBXResourcesBuildPhase section */

/* Begin PBXSourcesBuildPhase section */
		F2277A0B17A0637B000FD03B /* Sources */ = {
			isa = PBXSourcesBuildPhase;
			buildActionMask = 2147483647;
			files = (
				F2277A2917A0637B000FD03B /* ViewController.m in Sources */,
				F2277A2317A0637B000FD03B /* AppDelegate.m in Sources */,
				F2277A1F17A0637B000FD03B /* main.m in Sources */,
				F2277A4917A063B8000FD03B /* UpView.m in Sources */,
			);
			runOnlyForDeploymentPostprocessing = 0;
		};
		F2277A2C17A0637B000FD03B /* Sources */ = {
			isa = PBXSourcesBuildPhase;
			buildActionMask = 2147483647;
			files = (
				F2277A3E17A0637B000FD03B /* SwipeWithTouchesEventTests.m in Sources */,
			);
			runOnlyForDeploymentPostprocessing = 0;
		};
/* End PBXSourcesBuildPhase section */

/* Begin PBXTargetDependency section */
		F2277A3617A0637B000FD03B /* PBXTargetDependency */ = {
			isa = PBXTargetDependency;
			target = F2277A0E17A0637B000FD03B /* SwipeWithTouchesEvent */;
			targetProxy = F2277A3517A0637B000FD03B /* PBXContainerItemProxy */;
		};
/* End PBXTargetDependency section */

/* Begin PBXVariantGroup section */
		F2277A1B17A0637B000FD03B /* InfoPlist.strings */ = {
			isa = PBXVariantGroup;
			children = (
				F2277A1C17A0637B000FD03B /* en */,
			);
			name = InfoPlist.strings;
			sourceTree = "<group>";
		};
		F2277A2417A0637B000FD03B /* Main.storyboard */ = {
			isa = PBXVariantGroup;
			children = (
				F2277A2517A0637B000FD03B /* Base */,
			);
			name = Main.storyboard;
			sourceTree = "<group>";
		};
		F2277A3A17A0637B000FD03B /* InfoPlist.strings */ = {
			isa = PBXVariantGroup;
			children = (
				F2277A3B17A0637B000FD03B /* en */,
			);
			name = InfoPlist.strings;
			sourceTree = "<group>";
		};
/* End PBXVariantGroup section */

/* Begin XCBuildConfiguration section */
		F2277A3F17A0637B000FD03B /* Debug */ = {
			isa = XCBuildConfiguration;
			buildSettings = {
				ALWAYS_SEARCH_USER_PATHS = NO;
				CLANG_CXX_LANGUAGE_STANDARD = "gnu++0x";
				CLANG_CXX_LIBRARY = "libc++";
				CLANG_ENABLE_MODULES = YES;
				CLANG_ENABLE_OBJC_ARC = YES;
				CLANG_WARN_BOOL_CONVERSION = YES;
				CLANG_WARN_CONSTANT_CONVERSION = YES;
				CLANG_WARN_DIRECT_OBJC_ISA_USAGE = YES_ERROR;
				CLANG_WARN_EMPTY_BODY = YES;
				CLANG_WARN_ENUM_CONVERSION = YES;
				CLANG_WARN_INT_CONVERSION = YES;
				CLANG_WARN_OBJC_ROOT_CLASS = YES_ERROR;
				CLANG_WARN__DUPLICATE_METHOD_MATCH = YES;
				"CODE_SIGN_IDENTITY[sdk=iphoneos*]" = "iPhone Developer";
				COPY_PHASE_STRIP = NO;
				GCC_C_LANGUAGE_STANDARD = gnu99;
				GCC_DYNAMIC_NO_PIC = NO;
				GCC_OPTIMIZATION_LEVEL = 0;
				GCC_PREPROCESSOR_DEFINITIONS = (
					"DEBUG=1",
					"$(inherited)",
				);
				GCC_SYMBOLS_PRIVATE_EXTERN = NO;
				GCC_WARN_ABOUT_RETURN_TYPE = YES_ERROR;
				GCC_WARN_UNDECLARED_SELECTOR = YES;
				GCC_WARN_UNINITIALIZED_AUTOS = YES;
				GCC_WARN_UNUSED_FUNCTION = YES;
				GCC_WARN_UNUSED_VARIABLE = YES;
				IPHONEOS_DEPLOYMENT_TARGET = 7.0;
				ONLY_ACTIVE_ARCH = YES;
				SDKROOT = iphoneos;
			};
			name = Debug;
		};
		F2277A4017A0637B000FD03B /* Release */ = {
			isa = XCBuildConfiguration;
			buildSettings = {
				ALWAYS_SEARCH_USER_PATHS = NO;
				CLANG_CXX_LANGUAGE_STANDARD = "gnu++0x";
				CLANG_CXX_LIBRARY = "libc++";
				CLANG_ENABLE_MODULES = YES;
				CLANG_ENABLE_OBJC_ARC = YES;
				CLANG_WARN_BOOL_CONVERSION = YES;
				CLANG_WARN_CONSTANT_CONVERSION = YES;
				CLANG_WARN_DIRECT_OBJC_ISA_USAGE = YES_ERROR;
				CLANG_WARN_EMPTY_BODY = YES;
				CLANG_WARN_ENUM_CONVERSION = YES;
				CLANG_WARN_INT_CONVERSION = YES;
				CLANG_WARN_OBJC_ROOT_CLASS = YES_ERROR;
				CLANG_WARN__DUPLICATE_METHOD_MATCH = YES;
				"CODE_SIGN_IDENTITY[sdk=iphoneos*]" = "iPhone Developer";
				COPY_PHASE_STRIP = YES;
				ENABLE_NS_ASSERTIONS = NO;
				GCC_C_LANGUAGE_STANDARD = gnu99;
				GCC_WARN_ABOUT_RETURN_TYPE = YES_ERROR;
				GCC_WARN_UNDECLARED_SELECTOR = YES;
				GCC_WARN_UNINITIALIZED_AUTOS = YES;
				GCC_WARN_UNUSED_FUNCTION = YES;
				GCC_WARN_UNUSED_VARIABLE = YES;
				IPHONEOS_DEPLOYMENT_TARGET = 7.0;
				SDKROOT = iphoneos;
				VALIDATE_PRODUCT = YES;
			};
			name = Release;
		};
		F2277A4217A0637B000FD03B /* Debug */ = {
			isa = XCBuildConfiguration;
			buildSettings = {
				ASSETCATALOG_COMPILER_APPICON_NAME = AppIcon;
				ASSETCATALOG_COMPILER_LAUNCHIMAGE_NAME = LaunchImage;
				CODE_SIGN_IDENTITY = "iPhone Developer: wonseok Yang (36K24A774P)";
				GCC_PRECOMPILE_PREFIX_HEADER = YES;
				GCC_PREFIX_HEADER = "SwipeWithTouchesEvent/SwipeWithTouchesEvent-Prefix.pch";
				INFOPLIST_FILE = "SwipeWithTouchesEvent/SwipeWithTouchesEvent-Info.plist";
				PRODUCT_NAME = "$(TARGET_NAME)";
				WRAPPER_EXTENSION = app;
			};
			name = Debug;
		};
		F2277A4317A0637B000FD03B /* Release */ = {
			isa = XCBuildConfiguration;
			buildSettings = {
				ASSETCATALOG_COMPILER_APPICON_NAME = AppIcon;
				ASSETCATALOG_COMPILER_LAUNCHIMAGE_NAME = LaunchImage;
				CODE_SIGN_IDENTITY = "iPhone Developer: wonseok Yang (36K24A774P)";
				GCC_PRECOMPILE_PREFIX_HEADER = YES;
				GCC_PREFIX_HEADER = "SwipeWithTouchesEvent/SwipeWithTouchesEvent-Prefix.pch";
				INFOPLIST_FILE = "SwipeWithTouchesEvent/SwipeWithTouchesEvent-Info.plist";
				PRODUCT_NAME = "$(TARGET_NAME)";
				WRAPPER_EXTENSION = app;
			};
			name = Release;
		};
		F2277A4517A0637B000FD03B /* Debug */ = {
			isa = XCBuildConfiguration;
			buildSettings = {
				BUNDLE_LOADER = "$(BUILT_PRODUCTS_DIR)/SwipeWithTouchesEvent.app/SwipeWithTouchesEvent";
				FRAMEWORK_SEARCH_PATHS = (
					"$(SDKROOT)/Developer/Library/Frameworks",
					"$(inherited)",
					"$(SYSTEM_APPS_DIR)/Xcode5-DP3.app/Contents/Developer/Library/Frameworks",
				);
				GCC_PRECOMPILE_PREFIX_HEADER = YES;
				GCC_PREFIX_HEADER = "SwipeWithTouchesEvent/SwipeWithTouchesEvent-Prefix.pch";
				GCC_PREPROCESSOR_DEFINITIONS = (
					"DEBUG=1",
					"$(inherited)",
				);
				INFOPLIST_FILE = "SwipeWithTouchesEventTests/SwipeWithTouchesEventTests-Info.plist";
				PRODUCT_NAME = "$(TARGET_NAME)";
				TEST_HOST = "$(BUNDLE_LOADER)";
				WRAPPER_EXTENSION = xctest;
			};
			name = Debug;
		};
		F2277A4617A0637B000FD03B /* Release */ = {
			isa = XCBuildConfiguration;
			buildSettings = {
				BUNDLE_LOADER = "$(BUILT_PRODUCTS_DIR)/SwipeWithTouchesEvent.app/SwipeWithTouchesEvent";
				FRAMEWORK_SEARCH_PATHS = (
					"$(SDKROOT)/Developer/Library/Frameworks",
					"$(inherited)",
					"$(SYSTEM_APPS_DIR)/Xcode5-DP3.app/Contents/Developer/Library/Frameworks",
				);
				GCC_PRECOMPILE_PREFIX_HEADER = YES;
				GCC_PREFIX_HEADER = "SwipeWithTouchesEvent/SwipeWithTouchesEvent-Prefix.pch";
				INFOPLIST_FILE = "SwipeWithTouchesEventTests/SwipeWithTouchesEventTests-Info.plist";
				PRODUCT_NAME = "$(TARGET_NAME)";
				TEST_HOST = "$(BUNDLE_LOADER)";
				WRAPPER_EXTENSION = xctest;
			};
			name = Release;
		};
/* End XCBuildConfiguration section */

/* Begin XCConfigurationList section */
		F2277A0A17A0637B000FD03B /* Build configuration list for PBXProject "SwipeWithTouchesEvent" */ = {
			isa = XCConfigurationList;
			buildConfigurations = (
				F2277A3F17A0637B000FD03B /* Debug */,
				F2277A4017A0637B000FD03B /* Release */,
			);
			defaultConfigurationIsVisible = 0;
			defaultConfigurationName = Release;
		};
		F2277A4117A0637B000FD03B /* Build configuration list for PBXNativeTarget "SwipeWithTouchesEvent" */ = {
			isa = XCConfigurationList;
			buildConfigurations = (
				F2277A4217A0637B000FD03B /* Debug */,
				F2277A4317A0637B000FD03B /* Release */,
			);
			defaultConfigurationIsVisible = 0;
		};
		F2277A4417A0637B000FD03B /* Build configuration list for PBXNativeTarget "SwipeWithTouchesEventTests" */ = {
			isa = XCConfigurationList;
			buildConfigurations = (
				F2277A4517A0637B000FD03B /* Debug */,
				F2277A4617A0637B000FD03B /* Release */,
			);
			defaultConfigurationIsVisible = 0;
		};
/* End XCConfigurationList section */
	};
	rootObject = F2277A0717A0637B000FD03B /* Project object */;
}
